
Microsoft Visual Studio Solution File, Format Version 12.00
# Visual Studio Version 17
VisualStudioVersion = 17.13.35828.75 d17.13
MinimumVisualStudioVersion = 10.0.40219.1
Project("{FAE04EC0-301F-11D3-BF4B-00C04F79EFBC}") = "PasswordManager", "PasswordManager\PasswordManager.csproj", "{6455A150-5C9C-4EE4-A8A1-9EBC4A367D18}"
EndProject
Global
	GlobalSection(SolutionConfigurationPlatforms) = preSolution
		Debug|Any CPU = Debug|Any CPU
		Release|Any CPU = Release|Any CPU
	EndGlobalSection
	GlobalSection(ProjectConfigurationPlatforms) = postSolution
		{6455A150-5C9C-4EE4-A8A1-9EBC4A367D18}.Debug|Any CPU.ActiveCfg = Debug|Any CPU
		{6455A150-5C9C-4EE4-A8A1-9EBC4A367D18}.Debug|Any CPU.Build.0 = Debug|Any CPU
		{6455A150-5C9C-4EE4-A8A1-9EBC4A367D18}.Release|Any CPU.ActiveCfg = Release|Any CPU
		{6455A150-5C9C-4EE4-A8A1-9EBC4A367D18}.Release|Any CPU.Build.0 = Release|Any CPU
	EndGlobalSection
	GlobalSection(SolutionProperties) = preSolution
		HideSolutionNode = FALSE
	EndGlobalSection
	GlobalSection(ExtensibilityGlobals) = postSolution
		SolutionGuid = {7D82E808-4F0B-4C97-AE88-57DC099C653C}
	EndGlobalSection
EndGlobal
